
Microsoft Visual Studio Solution File, Format Version 12.00
# Visual Studio Version 17
VisualStudioVersion = 17.2.32616.157
MinimumVisualStudioVersion = 10.0.40219.1
Project("{8BC9CEB8-8B4A-11D0-8D11-00A0C91BC942}") = "single linked list", "single linked list\single linked list.vcxproj", "{2DEC972E-CA19-429C-A8D4-83E8B62BF7FD}"
EndProject
Global
	GlobalSection(SolutionConfigurationPlatforms) = preSolution
		Debug|x64 = Debug|x64
		Debug|x86 = Debug|x86
		Release|x64 = Release|x64
		Release|x86 = Release|x86
	EndGlobalSection
	GlobalSection(ProjectConfigurationPlatforms) = postSolution
		{2DEC972E-CA19-429C-A8D4-83E8B62BF7FD}.Debug|x64.ActiveCfg = Debug|x64
		{2DEC972E-CA19-429C-A8D4-83E8B62BF7FD}.Debug|x64.Build.0 = Debug|x64
		{2DEC972E-CA19-429C-A8D4-83E8B62BF7FD}.Debug|x86.ActiveCfg = Debug|Win32
		{2DEC972E-CA19-429C-A8D4-83E8B62BF7FD}.Debug|x86.Build.0 = Debug|Win32
		{2DEC972E-CA19-429C-A8D4-83E8B62BF7FD}.Release|x64.ActiveCfg = Release|x64
		{2DEC972E-CA19-429C-A8D4-83E8B62BF7FD}.Release|x64.Build.0 = Release|x64
		{2DEC972E-CA19-429C-A8D4-83E8B62BF7FD}.Release|x86.ActiveCfg = Release|Win32
		{2DEC972E-CA19-429C-A8D4-83E8B62BF7FD}.Release|x86.Build.0 = Release|Win32
	EndGlobalSection
	GlobalSection(SolutionProperties) = preSolution
		HideSolutionNode = FALSE
	EndGlobalSection
	GlobalSection(ExtensibilityGlobals) = postSolution
		SolutionGuid = {A2B0259A-A39F-48A8-9275-A041CE3F94E6}
	EndGlobalSection
EndGlobal
